Microsoft Visual Studio Solution File, Format Version 12.00
# Visual Studio Version 17
VisualStudioVersion = 17.10.35122.118
MinimumVisualStudioVersion = 10.0.40219.1
Project("{2150E333-8FDC-42A3-9474-1A3956D46DE8}") = "Server", "Server", "{87008D2B-D29E-68B5-A223-E2B1CD68373E}"
EndProject
Project("{2150E333-8FDC-42A3-9474-1A3956D46DE8}") = "Tests", "Tests", "{0AB3BF05-4346-4AA6-1389-037BE0695223}"
EndProject
Project("{2150E333-8FDC-42A3-9474-1A3956D46DE8}") = "Presentation", "Presentation", "{441F887F-2197-D6E6-6A4A-79EB9B4BF00B}"
EndProject
Project("{2150E333-8FDC-42A3-9474-1A3956D46DE8}") = "Infrastructure", "Infrastructure", "{E7A08BA2-817B-2BB5-1A73-EC4A3CD25E71}"
EndProject
Project("{2150E333-8FDC-42A3-9474-1A3956D46DE8}") = "Core", "Core", "{03847CEE-EA42-D747-680F-7CA17DC027E9}"
EndProject
Project("{2150E333-8FDC-42A3-9474-1A3956D46DE8}") = "Server", "Server", "{F410BE73-C647-F034-B1AC-3BD5B0C6D38A}"
EndProject
Project("{2150E333-8FDC-42A3-9474-1A3956D46DE8}") = "Client", "Client", "{793F6331-DDEC-5D01-F789-FDC32ADFCD22}"
EndProject
Project("{2150E333-8FDC-42A3-9474-1A3956D46DE8}") = "Source", "Source", "{B8EFCA5F-814F-285C-A8CB-F00F14650265}"
EndProject
Project("{2150E333-8FDC-42A3-9474-1A3956D46DE8}") = "Solution Items", "Solution Items", "{089100B1-113F-4E66-888A-E83F3999EAFD}"
	ProjectSection(SolutionItems) = preProject
		.editorconfig = .editorconfig
		.gitignore = .gitignore
		.gitkeep = .gitkeep
		LICENSE = LICENSE
		README.md = README.md
	EndProjectSection
EndProject
Project("{9A19103F-16F7-4668-BE54-9A1E7A4F7556}") = "UMedia.UnitTests", "UMedia.UnitTests\UMedia.UnitTests.csproj", "{6C2BF4FF-4118-F11F-AE69-EC6A1C822B55}"
EndProject
Project("{9A19103F-16F7-4668-BE54-9A1E7A4F7556}") = "UMedia.WebAPI.Contract", "UMedia.WebAPI.Contract\UMedia.WebAPI.Contract.csproj", "{5DFDE0C9-45A6-A2EC-BF98-316F6BF284D8}"
EndProject
Project("{9A19103F-16F7-4668-BE54-9A1E7A4F7556}") = "UMedia.WebAPI", "UMedia.WebAPI\UMedia.WebAPI.csproj", "{A2A89445-E84C-D2B6-368A-82AEA1067345}"
EndProject
Project("{9A19103F-16F7-4668-BE54-9A1E7A4F7556}") = "UMedia.Infrastructure", "UMedia.Infrastructure\UMedia.Infrastructure.csproj", "{10BAB89E-E7C7-9A1B-347D-740C4B9E1E38}"
EndProject
Project("{9A19103F-16F7-4668-BE54-9A1E7A4F7556}") = "UMedia.Persistence", "UMedia.Persistence\UMedia.Persistence.csproj", "{FA24F1F4-221B-EAB6-B984-7589D787410C}"
EndProject
Project("{9A19103F-16F7-4668-BE54-9A1E7A4F7556}") = "UMedia.Application", "UMedia.Application\UMedia.Application.csproj", "{9B1F58F1-C25E-F1C3-1F07-596F5C5074B5}"
EndProject
Project("{9A19103F-16F7-4668-BE54-9A1E7A4F7556}") = "UMedia.Domain", "UMedia.Domain\UMedia.Domain.csproj", "{1E8B8683-5E09-3021-0B88-001DF0A2130F}"
EndProject
Project("{9A19103F-16F7-4668-BE54-9A1E7A4F7556}") = "UMedia.Client", "UMedia.Client\UMedia.Client.csproj", "{1FA682A0-012D-E02B-7FD4-B8542B8061DE}"
EndProject
Global
	GlobalSection(SolutionConfigurationPlatforms) = preSolution
		Debug|Any CPU = Debug|Any CPU
		Release|Any CPU = Release|Any CPU
	EndGlobalSection
	GlobalSection(ProjectConfigurationPlatforms) = postSolution
		{6C2BF4FF-4118-F11F-AE69-EC6A1C822B55}.Debug|Any CPU.ActiveCfg = Debug|Any CPU
		{6C2BF4FF-4118-F11F-AE69-EC6A1C822B55}.Debug|Any CPU.Build.0 = Debug|Any CPU
		{6C2BF4FF-4118-F11F-AE69-EC6A1C822B55}.Release|Any CPU.ActiveCfg = Release|Any CPU
		{6C2BF4FF-4118-F11F-AE69-EC6A1C822B55}.Release|Any CPU.Build.0 = Release|Any CPU
		{5DFDE0C9-45A6-A2EC-BF98-316F6BF284D8}.Debug|Any CPU.ActiveCfg = Debug|Any CPU
		{5DFDE0C9-45A6-A2EC-BF98-316F6BF284D8}.Debug|Any CPU.Build.0 = Debug|Any CPU
		{5DFDE0C9-45A6-A2EC-BF98-316F6BF284D8}.Release|Any CPU.ActiveCfg = Release|Any CPU
		{5DFDE0C9-45A6-A2EC-BF98-316F6BF284D8}.Release|Any CPU.Build.0 = Release|Any CPU
		{A2A89445-E84C-D2B6-368A-82AEA1067345}.Debug|Any CPU.ActiveCfg = Debug|Any CPU
		{A2A89445-E84C-D2B6-368A-82AEA1067345}.Debug|Any CPU.Build.0 = Debug|Any CPU
		{A2A89445-E84C-D2B6-368A-82AEA1067345}.Release|Any CPU.ActiveCfg = Release|Any CPU
		{A2A89445-E84C-D2B6-368A-82AEA1067345}.Release|Any CPU.Build.0 = Release|Any CPU
		{10BAB89E-E7C7-9A1B-347D-740C4B9E1E38}.Debug|Any CPU.ActiveCfg = Debug|Any CPU
		{10BAB89E-E7C7-9A1B-347D-740C4B9E1E38}.Debug|Any CPU.Build.0 = Debug|Any CPU
		{10BAB89E-E7C7-9A1B-347D-740C4B9E1E38}.Release|Any CPU.ActiveCfg = Release|Any CPU
		{10BAB89E-E7C7-9A1B-347D-740C4B9E1E38}.Release|Any CPU.Build.0 = Release|Any CPU
		{FA24F1F4-221B-EAB6-B984-7589D787410C}.Debug|Any CPU.ActiveCfg = Debug|Any CPU
		{FA24F1F4-221B-EAB6-B984-7589D787410C}.Debug|Any CPU.Build.0 = Debug|Any CPU
		{FA24F1F4-221B-EAB6-B984-7589D787410C}.Release|Any CPU.ActiveCfg = Release|Any CPU
		{FA24F1F4-221B-EAB6-B984-7589D787410C}.Release|Any CPU.Build.0 = Release|Any CPU
		{9B1F58F1-C25E-F1C3-1F07-596F5C5074B5}.Debug|Any CPU.ActiveCfg = Debug|Any CPU
		{9B1F58F1-C25E-F1C3-1F07-596F5C5074B5}.Debug|Any CPU.Build.0 = Debug|Any CPU
		{9B1F58F1-C25E-F1C3-1F07-596F5C5074B5}.Release|Any CPU.ActiveCfg = Release|Any CPU
		{9B1F58F1-C25E-F1C3-1F07-596F5C5074B5}.Release|Any CPU.Build.0 = Release|Any CPU
		{1E8B8683-5E09-3021-0B88-001DF0A2130F}.Debug|Any CPU.ActiveCfg = Debug|Any CPU
		{1E8B8683-5E09-3021-0B88-001DF0A2130F}.Debug|Any CPU.Build.0 = Debug|Any CPU
		{1E8B8683-5E09-3021-0B88-001DF0A2130F}.Release|Any CPU.ActiveCfg = Release|Any CPU
		{1E8B8683-5E09-3021-0B88-001DF0A2130F}.Release|Any CPU.Build.0 = Release|Any CPU
		{1FA682A0-012D-E02B-7FD4-B8542B8061DE}.Debug|Any CPU.ActiveCfg = Debug|Any CPU
		{1FA682A0-012D-E02B-7FD4-B8542B8061DE}.Debug|Any CPU.Build.0 = Debug|Any CPU
		{1FA682A0-012D-E02B-7FD4-B8542B8061DE}.Release|Any CPU.ActiveCfg = Release|Any CPU
		{1FA682A0-012D-E02B-7FD4-B8542B8061DE}.Release|Any CPU.Build.0 = Release|Any CPU
	EndGlobalSection
	GlobalSection(SolutionProperties) = preSolution
		HideSolutionNode = FALSE
	EndGlobalSection
	GlobalSection(NestedProjects) = preSolution
		{87008D2B-D29E-68B5-A223-E2B1CD68373E} = {0AB3BF05-4346-4AA6-1389-037BE0695223}
		{441F887F-2197-D6E6-6A4A-79EB9B4BF00B} = {F410BE73-C647-F034-B1AC-3BD5B0C6D38A}
		{E7A08BA2-817B-2BB5-1A73-EC4A3CD25E71} = {F410BE73-C647-F034-B1AC-3BD5B0C6D38A}
		{03847CEE-EA42-D747-680F-7CA17DC027E9} = {F410BE73-C647-F034-B1AC-3BD5B0C6D38A}
		{F410BE73-C647-F034-B1AC-3BD5B0C6D38A} = {B8EFCA5F-814F-285C-A8CB-F00F14650265}
		{793F6331-DDEC-5D01-F789-FDC32ADFCD22} = {B8EFCA5F-814F-285C-A8CB-F00F14650265}
		{6C2BF4FF-4118-F11F-AE69-EC6A1C822B55} = {87008D2B-D29E-68B5-A223-E2B1CD68373E}
		{5DFDE0C9-45A6-A2EC-BF98-316F6BF284D8} = {441F887F-2197-D6E6-6A4A-79EB9B4BF00B}
		{A2A89445-E84C-D2B6-368A-82AEA1067345} = {441F887F-2197-D6E6-6A4A-79EB9B4BF00B}
		{10BAB89E-E7C7-9A1B-347D-740C4B9E1E38} = {E7A08BA2-817B-2BB5-1A73-EC4A3CD25E71}
		{FA24F1F4-221B-EAB6-B984-7589D787410C} = {E7A08BA2-817B-2BB5-1A73-EC4A3CD25E71}
		{9B1F58F1-C25E-F1C3-1F07-596F5C5074B5} = {03847CEE-EA42-D747-680F-7CA17DC027E9}
		{1E8B8683-5E09-3021-0B88-001DF0A2130F} = {03847CEE-EA42-D747-680F-7CA17DC027E9}
		{1FA682A0-012D-E02B-7FD4-B8542B8061DE} = {793F6331-DDEC-5D01-F789-FDC32ADFCD22}
	EndGlobalSection
EndGlobal
